
Microsoft Visual Studio Solution File, Format Version 12.00
# Visual Studio Version 17
VisualStudioVersion = 17.9.34902.65
MinimumVisualStudioVersion = 10.0.40219.1
Project("{FAE04EC0-301F-11D3-BF4B-00C04F79EFBC}") = "PollyPolling", "PollyPolling\PollyPolling.csproj", "{1BCD7769-4B80-4A00-A448-B3444F1AE3DC}"
EndProject
Global
	GlobalSection(SolutionConfigurationPlatforms) = preSolution
		Debug|Any CPU = Debug|Any CPU
		Release|Any CPU = Release|Any CPU
	EndGlobalSection
	GlobalSection(ProjectConfigurationPlatforms) = postSolution
		{1BCD7769-4B80-4A00-A448-B3444F1AE3DC}.Debug|Any CPU.ActiveCfg = Debug|Any CPU
		{1BCD7769-4B80-4A00-A448-B3444F1AE3DC}.Debug|Any CPU.Build.0 = Debug|Any CPU
		{1BCD7769-4B80-4A00-A448-B3444F1AE3DC}.Release|Any CPU.ActiveCfg = Release|Any CPU
		{1BCD7769-4B80-4A00-A448-B3444F1AE3DC}.Release|Any CPU.Build.0 = Release|Any CPU
	EndGlobalSection
	GlobalSection(SolutionProperties) = preSolution
		HideSolutionNode = FALSE
	EndGlobalSection
	GlobalSection(ExtensibilityGlobals) = postSolution
		SolutionGuid = {E9D0A191-75E6-4D45-B77C-0D03A94188A5}
	EndGlobalSection
EndGlobal
